{
  "lockfileVersion": 1,
  "dependencies": {
    "@braintree/browser-detection": {
      "version": "1.7.0",
      "resolved": "https://registry.npmjs.org/@braintree/browser-detection/-/browser-detection-1.7.0.tgz",
      "integrity": "sha1-iVumS3AMPzbKtcVFkcr3GkEXHdg="
    },
    "@braintree/iframer": {
      "version": "1.0.3",
      "resolved": "https://registry.npmjs.org/@braintree/iframer/-/iframer-1.0.3.tgz",
      "integrity": "sha1-Id0f1M69QVSuqx76TVsNX0OENk4="
    },
    "@braintree/sanitize-url": {
      "version": "2.0.2",
      "resolved": "https://registry.npmjs.org/@braintree/sanitize-url/-/sanitize-url-2.0.2.tgz",
      "integrity": "sha1-KzfKpQaHrEc3BSClAvUibuMaWrE="
    },
    "@braintree/wrap-promise": {
      "version": "1.1.1",
      "resolved": "https://registry.npmjs.org/@braintree/wrap-promise/-/wrap-promise-1.1.1.tgz",
      "integrity": "sha1-0ix2hV5tS0ASYQBgQh+uGjfskLA="
    },
    "braintree-web": {
      "version": "3.25.0",
      "resolved": "https://registry.npmjs.org/braintree-web/-/braintree-web-3.25.0.tgz",
      "integrity": "sha1-2vKZ2EQhi0J7KT7xVApiM6DwIuA="
    },
    "card-validator": {
      "version": "4.1.1",
      "resolved": "https://registry.npmjs.org/card-validator/-/card-validator-4.1.1.tgz",
      "integrity": "sha1-8Gg+D129KcAs+xobZlzbpDBiL6o="
    },
    "credit-card-type": {
      "version": "6.0.0",
      "resolved": "https://registry.npmjs.org/credit-card-type/-/credit-card-type-6.0.0.tgz",
      "integrity": "sha1-AuPDMg1JMQlHAmns0fc61Tdpxgc="
    },
    "framebus": {
      "version": "2.0.8",
      "resolved": "https://registry.npmjs.org/framebus/-/framebus-2.0.8.tgz",
      "integrity": "sha1-AcfuX3Zb6z+aLgOQygtwiLK/dtM="
    },
    "inject-stylesheet": {
      "version": "1.0.0",
      "resolved": "https://registry.npmjs.org/inject-stylesheet/-/inject-stylesheet-1.0.0.tgz",
      "integrity": "sha1-9nMEdFjuWPEJ/uTPtmsJ82LMwmE="
    },
    "promise-polyfill": {
      "version": "6.0.2",
      "resolved": "https://registry.npmjs.org/promise-polyfill/-/promise-polyfill-6.0.2.tgz",
      "integrity": "sha1-2chtPcTcLfkBboiUbe/Wm0m0EWI="
    },
    "restricted-input": {
      "version": "1.2.6",
      "resolved": "https://registry.npmjs.org/restricted-input/-/restricted-input-1.2.6.tgz",
      "integrity": "sha1-7uMsGBuG2b1PLQf8NpsrkSPU7jY="
    }
  }
}
